
Microsoft Visual Studio Solution File, Format Version 12.00
# Visual Studio Version 17
VisualStudioVersion = 17.1.32210.238
MinimumVisualStudioVersion = 10.0.40219.1
Project("{2150E333-8FDC-42A3-9474-1A3956D46DE8}") = "Src", "Src", "{5CA094B6-E2E3-46DB-8047-5459CCAA639B}"
EndProject
Project("{2150E333-8FDC-42A3-9474-1A3956D46DE8}") = "Presentation", "Presentation", "{BE879F34-FC57-4A51-AFAD-31235741C7AE}"
EndProject
Project("{2150E333-8FDC-42A3-9474-1A3956D46DE8}") = "Infrastructure", "Infrastructure", "{159DD83E-F103-4EC9-A11C-9C7EB21999A3}"
EndProject
Project("{2150E333-8FDC-42A3-9474-1A3956D46DE8}") = "Core", "Core", "{AEE5E4B3-23E1-4301-9BD4-E700EBCACEF8}"
EndProject
Project("{9A19103F-16F7-4668-BE54-9A1E7A4F7556}") = "API", "Src\Presentation\API\API.csproj", "{69A50E91-99BD-4932-ADC1-E8721DEAFB4D}"
EndProject
Project("{9A19103F-16F7-4668-BE54-9A1E7A4F7556}") = "Infrastructure", "Src\Infrastructure\Infrastructure\Infrastructure.csproj", "{39313C67-D8FF-422A-B52D-1694EBD5AB0C}"
EndProject
Project("{9A19103F-16F7-4668-BE54-9A1E7A4F7556}") = "Application", "Src\Core\Application\Application.csproj", "{E1B86359-5969-42A1-BC33-08C063D03F7E}"
EndProject
Project("{9A19103F-16F7-4668-BE54-9A1E7A4F7556}") = "Functions", "Src\Functions\Functions.csproj", "{1DB0B50E-A45B-4914-BD15-C68BFF223F94}"
EndProject
Project("{9A19103F-16F7-4668-BE54-9A1E7A4F7556}") = "Common", "Src\Core\Common\Common.csproj", "{C95BA269-30AA-4999-87A0-F796B781DA71}"
EndProject
Project("{2150E333-8FDC-42A3-9474-1A3956D46DE8}") = "Tests", "Tests", "{7D26BDE0-9D41-4F4D-99E1-2FF4BABDCC2D}"
EndProject
Project("{9A19103F-16F7-4668-BE54-9A1E7A4F7556}") = "Application.UnitTests", "Tests\Application.UnitTests\Application.UnitTests.csproj", "{46A4C509-624A-434C-ABF1-B45F8BADB21D}"
EndProject
Project("{9A19103F-16F7-4668-BE54-9A1E7A4F7556}") = "Functions.UnitTests", "Tests\Functions.UnitTests\Functions.UnitTests.csproj", "{D69DC4F4-70D9-4573-BE90-C2D3EB741507}"
EndProject
Project("{FAE04EC0-301F-11D3-BF4B-00C04F79EFBC}") = "Domain", "Src\Core\Domain\Domain.csproj", "{C30BFB8E-9D9D-4C13-9D91-D93AE78CAE20}"
EndProject
Project("{FAE04EC0-301F-11D3-BF4B-00C04F79EFBC}") = "API.AutomatedTests", "Tests\Automated\API.AutomatedTests\API.AutomatedTests.csproj", "{A7C42C99-0DC1-4648-97E4-4C1C5CB09857}"
EndProject
Project("{FAE04EC0-301F-11D3-BF4B-00C04F79EFBC}") = "API.AutomatedTests.Implementation", "Tests\Automated\API.AutomatedTests.Implementation\API.AutomatedTests.Implementation.csproj", "{9C525D24-17AC-43BE-9E08-6E2D0937B533}"
EndProject
Project("{FAE04EC0-301F-11D3-BF4B-00C04F79EFBC}") = "API.AutomatedTests.Infrastructure", "Tests\Automated\API.AutomatedTests.Infrastructure\API.AutomatedTests.Infrastructure.csproj", "{8A115F58-07FE-4373-8035-3F6B59EBDEFD}"
EndProject
Project("{FAE04EC0-301F-11D3-BF4B-00C04F79EFBC}") = "Infrastructure.UnitTests", "Tests\Infrastructure.UnitTests\Infrastructure.UnitTests.csproj", "{3852066A-24C6-4047-828C-75F067CED4E3}"
EndProject
Project("{FAE04EC0-301F-11D3-BF4B-00C04F79EFBC}") = "Presentation.UnitTests", "Tests\Presentation.UnitTests\Presentation.UnitTests.csproj", "{AA5B0C1E-A9DF-4264-A90D-E4023F0A1362}"
EndProject
Global
	GlobalSection(SolutionConfigurationPlatforms) = preSolution
		Debug|Any CPU = Debug|Any CPU
		Release|Any CPU = Release|Any CPU
		Testing|Any CPU = Testing|Any CPU
	EndGlobalSection
	GlobalSection(ProjectConfigurationPlatforms) = postSolution
		{69A50E91-99BD-4932-ADC1-E8721DEAFB4D}.Debug|Any CPU.ActiveCfg = Debug|Any CPU
		{69A50E91-99BD-4932-ADC1-E8721DEAFB4D}.Debug|Any CPU.Build.0 = Debug|Any CPU
		{69A50E91-99BD-4932-ADC1-E8721DEAFB4D}.Release|Any CPU.ActiveCfg = Release|Any CPU
		{69A50E91-99BD-4932-ADC1-E8721DEAFB4D}.Release|Any CPU.Build.0 = Release|Any CPU
		{69A50E91-99BD-4932-ADC1-E8721DEAFB4D}.Testing|Any CPU.ActiveCfg = Testing|Any CPU
		{69A50E91-99BD-4932-ADC1-E8721DEAFB4D}.Testing|Any CPU.Build.0 = Testing|Any CPU
		{39313C67-D8FF-422A-B52D-1694EBD5AB0C}.Debug|Any CPU.ActiveCfg = Debug|Any CPU
		{39313C67-D8FF-422A-B52D-1694EBD5AB0C}.Debug|Any CPU.Build.0 = Debug|Any CPU
		{39313C67-D8FF-422A-B52D-1694EBD5AB0C}.Release|Any CPU.ActiveCfg = Release|Any CPU
		{39313C67-D8FF-422A-B52D-1694EBD5AB0C}.Release|Any CPU.Build.0 = Release|Any CPU
		{39313C67-D8FF-422A-B52D-1694EBD5AB0C}.Testing|Any CPU.ActiveCfg = Testing|Any CPU
		{39313C67-D8FF-422A-B52D-1694EBD5AB0C}.Testing|Any CPU.Build.0 = Testing|Any CPU
		{E1B86359-5969-42A1-BC33-08C063D03F7E}.Debug|Any CPU.ActiveCfg = Debug|Any CPU
		{E1B86359-5969-42A1-BC33-08C063D03F7E}.Debug|Any CPU.Build.0 = Debug|Any CPU
		{E1B86359-5969-42A1-BC33-08C063D03F7E}.Release|Any CPU.ActiveCfg = Release|Any CPU
		{E1B86359-5969-42A1-BC33-08C063D03F7E}.Release|Any CPU.Build.0 = Release|Any CPU
		{E1B86359-5969-42A1-BC33-08C063D03F7E}.Testing|Any CPU.ActiveCfg = Testing|Any CPU
		{E1B86359-5969-42A1-BC33-08C063D03F7E}.Testing|Any CPU.Build.0 = Testing|Any CPU
		{1DB0B50E-A45B-4914-BD15-C68BFF223F94}.Debug|Any CPU.ActiveCfg = Debug|Any CPU
		{1DB0B50E-A45B-4914-BD15-C68BFF223F94}.Debug|Any CPU.Build.0 = Debug|Any CPU
		{1DB0B50E-A45B-4914-BD15-C68BFF223F94}.Release|Any CPU.ActiveCfg = Release|Any CPU
		{1DB0B50E-A45B-4914-BD15-C68BFF223F94}.Release|Any CPU.Build.0 = Release|Any CPU
		{1DB0B50E-A45B-4914-BD15-C68BFF223F94}.Testing|Any CPU.ActiveCfg = Testing|Any CPU
		{1DB0B50E-A45B-4914-BD15-C68BFF223F94}.Testing|Any CPU.Build.0 = Testing|Any CPU
		{C95BA269-30AA-4999-87A0-F796B781DA71}.Debug|Any CPU.ActiveCfg = Debug|Any CPU
		{C95BA269-30AA-4999-87A0-F796B781DA71}.Debug|Any CPU.Build.0 = Debug|Any CPU
		{C95BA269-30AA-4999-87A0-F796B781DA71}.Release|Any CPU.ActiveCfg = Release|Any CPU
		{C95BA269-30AA-4999-87A0-F796B781DA71}.Release|Any CPU.Build.0 = Release|Any CPU
		{C95BA269-30AA-4999-87A0-F796B781DA71}.Testing|Any CPU.ActiveCfg = Testing|Any CPU
		{C95BA269-30AA-4999-87A0-F796B781DA71}.Testing|Any CPU.Build.0 = Testing|Any CPU
		{46A4C509-624A-434C-ABF1-B45F8BADB21D}.Release|Any CPU.ActiveCfg = Release|Any CPU
		{46A4C509-624A-434C-ABF1-B45F8BADB21D}.Release|Any CPU.Build.0 = Release|Any CPU
		{46A4C509-624A-434C-ABF1-B45F8BADB21D}.Debug|Any CPU.ActiveCfg = Test|Any CPU
		{46A4C509-624A-434C-ABF1-B45F8BADB21D}.Debug|Any CPU.Build.0 = Test|Any CPU
		{46A4C509-624A-434C-ABF1-B45F8BADB21D}.Testing|Any CPU.ActiveCfg = Testing|Any CPU
		{46A4C509-624A-434C-ABF1-B45F8BADB21D}.Testing|Any CPU.Build.0 = Testing|Any CPU
		{D69DC4F4-70D9-4573-BE90-C2D3EB741507}.Release|Any CPU.ActiveCfg = Release|Any CPU
		{D69DC4F4-70D9-4573-BE90-C2D3EB741507}.Release|Any CPU.Build.0 = Release|Any CPU
		{D69DC4F4-70D9-4573-BE90-C2D3EB741507}.Debug|Any CPU.ActiveCfg = Test|Any CPU
		{D69DC4F4-70D9-4573-BE90-C2D3EB741507}.Debug|Any CPU.Build.0 = Test|Any CPU
		{D69DC4F4-70D9-4573-BE90-C2D3EB741507}.Testing|Any CPU.ActiveCfg = Testing|Any CPU
		{D69DC4F4-70D9-4573-BE90-C2D3EB741507}.Testing|Any CPU.Build.0 = Testing|Any CPU
		{C30BFB8E-9D9D-4C13-9D91-D93AE78CAE20}.Debug|Any CPU.ActiveCfg = Debug|Any CPU
		{C30BFB8E-9D9D-4C13-9D91-D93AE78CAE20}.Debug|Any CPU.Build.0 = Debug|Any CPU
		{C30BFB8E-9D9D-4C13-9D91-D93AE78CAE20}.Release|Any CPU.ActiveCfg = Release|Any CPU
		{C30BFB8E-9D9D-4C13-9D91-D93AE78CAE20}.Release|Any CPU.Build.0 = Release|Any CPU
		{C30BFB8E-9D9D-4C13-9D91-D93AE78CAE20}.Testing|Any CPU.ActiveCfg = Testing|Any CPU
		{C30BFB8E-9D9D-4C13-9D91-D93AE78CAE20}.Testing|Any CPU.Build.0 = Testing|Any CPU
		{A7C42C99-0DC1-4648-97E4-4C1C5CB09857}.Debug|Any CPU.ActiveCfg = Debug|Any CPU
		{A7C42C99-0DC1-4648-97E4-4C1C5CB09857}.Debug|Any CPU.Build.0 = Debug|Any CPU
		{A7C42C99-0DC1-4648-97E4-4C1C5CB09857}.Release|Any CPU.ActiveCfg = Release|Any CPU
		{A7C42C99-0DC1-4648-97E4-4C1C5CB09857}.Release|Any CPU.Build.0 = Release|Any CPU
		{A7C42C99-0DC1-4648-97E4-4C1C5CB09857}.Testing|Any CPU.ActiveCfg = Testing|Any CPU
		{A7C42C99-0DC1-4648-97E4-4C1C5CB09857}.Testing|Any CPU.Build.0 = Testing|Any CPU
		{9C525D24-17AC-43BE-9E08-6E2D0937B533}.Debug|Any CPU.ActiveCfg = Debug|Any CPU
		{9C525D24-17AC-43BE-9E08-6E2D0937B533}.Debug|Any CPU.Build.0 = Debug|Any CPU
		{9C525D24-17AC-43BE-9E08-6E2D0937B533}.Release|Any CPU.ActiveCfg = Release|Any CPU
		{9C525D24-17AC-43BE-9E08-6E2D0937B533}.Release|Any CPU.Build.0 = Release|Any CPU
		{9C525D24-17AC-43BE-9E08-6E2D0937B533}.Testing|Any CPU.ActiveCfg = Testing|Any CPU
		{9C525D24-17AC-43BE-9E08-6E2D0937B533}.Testing|Any CPU.Build.0 = Testing|Any CPU
		{8A115F58-07FE-4373-8035-3F6B59EBDEFD}.Debug|Any CPU.ActiveCfg = Debug|Any CPU
		{8A115F58-07FE-4373-8035-3F6B59EBDEFD}.Debug|Any CPU.Build.0 = Debug|Any CPU
		{8A115F58-07FE-4373-8035-3F6B59EBDEFD}.Release|Any CPU.ActiveCfg = Release|Any CPU
		{8A115F58-07FE-4373-8035-3F6B59EBDEFD}.Release|Any CPU.Build.0 = Release|Any CPU
		{8A115F58-07FE-4373-8035-3F6B59EBDEFD}.Testing|Any CPU.ActiveCfg = Testing|Any CPU
		{8A115F58-07FE-4373-8035-3F6B59EBDEFD}.Testing|Any CPU.Build.0 = Testing|Any CPU
		{3852066A-24C6-4047-828C-75F067CED4E3}.Debug|Any CPU.ActiveCfg = Debug|Any CPU
		{3852066A-24C6-4047-828C-75F067CED4E3}.Debug|Any CPU.Build.0 = Debug|Any CPU
		{3852066A-24C6-4047-828C-75F067CED4E3}.Release|Any CPU.ActiveCfg = Release|Any CPU
		{3852066A-24C6-4047-828C-75F067CED4E3}.Release|Any CPU.Build.0 = Release|Any CPU
		{3852066A-24C6-4047-828C-75F067CED4E3}.Testing|Any CPU.ActiveCfg = Debug|Any CPU
		{3852066A-24C6-4047-828C-75F067CED4E3}.Testing|Any CPU.Build.0 = Debug|Any CPU
		{AA5B0C1E-A9DF-4264-A90D-E4023F0A1362}.Debug|Any CPU.ActiveCfg = Debug|Any CPU
		{AA5B0C1E-A9DF-4264-A90D-E4023F0A1362}.Debug|Any CPU.Build.0 = Debug|Any CPU
		{AA5B0C1E-A9DF-4264-A90D-E4023F0A1362}.Release|Any CPU.ActiveCfg = Release|Any CPU
		{AA5B0C1E-A9DF-4264-A90D-E4023F0A1362}.Release|Any CPU.Build.0 = Release|Any CPU
		{AA5B0C1E-A9DF-4264-A90D-E4023F0A1362}.Testing|Any CPU.ActiveCfg = Debug|Any CPU
		{AA5B0C1E-A9DF-4264-A90D-E4023F0A1362}.Testing|Any CPU.Build.0 = Debug|Any CPU
	EndGlobalSection
	GlobalSection(SolutionProperties) = preSolution
		HideSolutionNode = FALSE
	EndGlobalSection
	GlobalSection(NestedProjects) = preSolution
		{BE879F34-FC57-4A51-AFAD-31235741C7AE} = {5CA094B6-E2E3-46DB-8047-5459CCAA639B}
		{159DD83E-F103-4EC9-A11C-9C7EB21999A3} = {5CA094B6-E2E3-46DB-8047-5459CCAA639B}
		{AEE5E4B3-23E1-4301-9BD4-E700EBCACEF8} = {5CA094B6-E2E3-46DB-8047-5459CCAA639B}
		{69A50E91-99BD-4932-ADC1-E8721DEAFB4D} = {BE879F34-FC57-4A51-AFAD-31235741C7AE}
		{39313C67-D8FF-422A-B52D-1694EBD5AB0C} = {159DD83E-F103-4EC9-A11C-9C7EB21999A3}
		{E1B86359-5969-42A1-BC33-08C063D03F7E} = {AEE5E4B3-23E1-4301-9BD4-E700EBCACEF8}
		{1DB0B50E-A45B-4914-BD15-C68BFF223F94} = {5CA094B6-E2E3-46DB-8047-5459CCAA639B}
		{C95BA269-30AA-4999-87A0-F796B781DA71} = {AEE5E4B3-23E1-4301-9BD4-E700EBCACEF8}
		{46A4C509-624A-434C-ABF1-B45F8BADB21D} = {7D26BDE0-9D41-4F4D-99E1-2FF4BABDCC2D}
		{D69DC4F4-70D9-4573-BE90-C2D3EB741507} = {7D26BDE0-9D41-4F4D-99E1-2FF4BABDCC2D}
		{C30BFB8E-9D9D-4C13-9D91-D93AE78CAE20} = {AEE5E4B3-23E1-4301-9BD4-E700EBCACEF8}
		{A7C42C99-0DC1-4648-97E4-4C1C5CB09857} = {7D26BDE0-9D41-4F4D-99E1-2FF4BABDCC2D}
		{9C525D24-17AC-43BE-9E08-6E2D0937B533} = {7D26BDE0-9D41-4F4D-99E1-2FF4BABDCC2D}
		{8A115F58-07FE-4373-8035-3F6B59EBDEFD} = {7D26BDE0-9D41-4F4D-99E1-2FF4BABDCC2D}
		{3852066A-24C6-4047-828C-75F067CED4E3} = {7D26BDE0-9D41-4F4D-99E1-2FF4BABDCC2D}
		{AA5B0C1E-A9DF-4264-A90D-E4023F0A1362} = {7D26BDE0-9D41-4F4D-99E1-2FF4BABDCC2D}
	EndGlobalSection
	GlobalSection(ExtensibilityGlobals) = postSolution
		SolutionGuid = {6BAF5752-D4EB-4E10-AA1E-066CF526DF5F}
	EndGlobalSection
EndGlobal
