
Microsoft Visual Studio Solution File, Format Version 12.00
# Visual Studio Version 17
VisualStudioVersion = 17.1.32210.238
MinimumVisualStudioVersion = 10.0.40219.1
Project("{2150E333-8FDC-42A3-9474-1A3956D46DE8}") = "Src", "Src", "{5CA094B6-E2E3-46DB-8047-5459CCAA639B}"
EndProject
Project("{2150E333-8FDC-42A3-9474-1A3956D46DE8}") = "Presentation", "Presentation", "{BE879F34-FC57-4A51-AFAD-31235741C7AE}"
EndProject
Project("{2150E333-8FDC-42A3-9474-1A3956D46DE8}") = "Infrastructure", "Infrastructure", "{159DD83E-F103-4EC9-A11C-9C7EB21999A3}"
EndProject
Project("{2150E333-8FDC-42A3-9474-1A3956D46DE8}") = "Core", "Core", "{AEE5E4B3-23E1-4301-9BD4-E700EBCACEF8}"
EndProject
Project("{FAE04EC0-301F-11D3-BF4B-00C04F79EFBC}") = "API", "Src\Presentation\API\API.csproj", "{69A50E91-99BD-4932-ADC1-E8721DEAFB4D}"
EndProject
Project("{FAE04EC0-301F-11D3-BF4B-00C04F79EFBC}") = "Infrastructure", "Src\Infrastructure\Infrastructure\Infrastructure.csproj", "{39313C67-D8FF-422A-B52D-1694EBD5AB0C}"
EndProject
Project("{FAE04EC0-301F-11D3-BF4B-00C04F79EFBC}") = "Application", "Src\Core\Application\Application.csproj", "{E1B86359-5969-42A1-BC33-08C063D03F7E}"
EndProject
Project("{FAE04EC0-301F-11D3-BF4B-00C04F79EFBC}") = "Domain", "Src\Core\Domain\Domain.csproj", "{FC44B003-16AC-4BE3-BCB3-7952C301A9B2}"
EndProject
Project("{FAE04EC0-301F-11D3-BF4B-00C04F79EFBC}") = "Functions", "Src\Infrastructure\Functions\Functions.csproj", "{1DB0B50E-A45B-4914-BD15-C68BFF223F94}"
EndProject
Global
	GlobalSection(SolutionConfigurationPlatforms) = preSolution
		Debug|Any CPU = Debug|Any CPU
		Release|Any CPU = Release|Any CPU
	EndGlobalSection
	GlobalSection(ProjectConfigurationPlatforms) = postSolution
		{69A50E91-99BD-4932-ADC1-E8721DEAFB4D}.Debug|Any CPU.ActiveCfg = Debug|Any CPU
		{69A50E91-99BD-4932-ADC1-E8721DEAFB4D}.Debug|Any CPU.Build.0 = Debug|Any CPU
		{69A50E91-99BD-4932-ADC1-E8721DEAFB4D}.Release|Any CPU.ActiveCfg = Release|Any CPU
		{69A50E91-99BD-4932-ADC1-E8721DEAFB4D}.Release|Any CPU.Build.0 = Release|Any CPU
		{39313C67-D8FF-422A-B52D-1694EBD5AB0C}.Debug|Any CPU.ActiveCfg = Debug|Any CPU
		{39313C67-D8FF-422A-B52D-1694EBD5AB0C}.Debug|Any CPU.Build.0 = Debug|Any CPU
		{39313C67-D8FF-422A-B52D-1694EBD5AB0C}.Release|Any CPU.ActiveCfg = Release|Any CPU
		{39313C67-D8FF-422A-B52D-1694EBD5AB0C}.Release|Any CPU.Build.0 = Release|Any CPU
		{E1B86359-5969-42A1-BC33-08C063D03F7E}.Debug|Any CPU.ActiveCfg = Debug|Any CPU
		{E1B86359-5969-42A1-BC33-08C063D03F7E}.Debug|Any CPU.Build.0 = Debug|Any CPU
		{E1B86359-5969-42A1-BC33-08C063D03F7E}.Release|Any CPU.ActiveCfg = Release|Any CPU
		{E1B86359-5969-42A1-BC33-08C063D03F7E}.Release|Any CPU.Build.0 = Release|Any CPU
		{FC44B003-16AC-4BE3-BCB3-7952C301A9B2}.Debug|Any CPU.ActiveCfg = Debug|Any CPU
		{FC44B003-16AC-4BE3-BCB3-7952C301A9B2}.Debug|Any CPU.Build.0 = Debug|Any CPU
		{FC44B003-16AC-4BE3-BCB3-7952C301A9B2}.Release|Any CPU.ActiveCfg = Release|Any CPU
		{FC44B003-16AC-4BE3-BCB3-7952C301A9B2}.Release|Any CPU.Build.0 = Release|Any CPU
		{1DB0B50E-A45B-4914-BD15-C68BFF223F94}.Debug|Any CPU.ActiveCfg = Debug|Any CPU
		{1DB0B50E-A45B-4914-BD15-C68BFF223F94}.Debug|Any CPU.Build.0 = Debug|Any CPU
		{1DB0B50E-A45B-4914-BD15-C68BFF223F94}.Release|Any CPU.ActiveCfg = Release|Any CPU
		{1DB0B50E-A45B-4914-BD15-C68BFF223F94}.Release|Any CPU.Build.0 = Release|Any CPU
	EndGlobalSection
	GlobalSection(SolutionProperties) = preSolution
		HideSolutionNode = FALSE
	EndGlobalSection
	GlobalSection(NestedProjects) = preSolution
		{BE879F34-FC57-4A51-AFAD-31235741C7AE} = {5CA094B6-E2E3-46DB-8047-5459CCAA639B}
		{159DD83E-F103-4EC9-A11C-9C7EB21999A3} = {5CA094B6-E2E3-46DB-8047-5459CCAA639B}
		{AEE5E4B3-23E1-4301-9BD4-E700EBCACEF8} = {5CA094B6-E2E3-46DB-8047-5459CCAA639B}
		{69A50E91-99BD-4932-ADC1-E8721DEAFB4D} = {BE879F34-FC57-4A51-AFAD-31235741C7AE}
		{39313C67-D8FF-422A-B52D-1694EBD5AB0C} = {159DD83E-F103-4EC9-A11C-9C7EB21999A3}
		{E1B86359-5969-42A1-BC33-08C063D03F7E} = {AEE5E4B3-23E1-4301-9BD4-E700EBCACEF8}
		{FC44B003-16AC-4BE3-BCB3-7952C301A9B2} = {AEE5E4B3-23E1-4301-9BD4-E700EBCACEF8}
		{1DB0B50E-A45B-4914-BD15-C68BFF223F94} = {159DD83E-F103-4EC9-A11C-9C7EB21999A3}
	EndGlobalSection
	GlobalSection(ExtensibilityGlobals) = postSolution
		SolutionGuid = {6BAF5752-D4EB-4E10-AA1E-066CF526DF5F}
	EndGlobalSection
EndGlobal
